# THIS IS AN AUTOGENERATED FILE. DO NOT EDIT THIS FILE DIRECTLY.
# yarn lockfile v1


"@babel/parser@^7.18.4":
  version "7.21.4"
  resolved "https://registry.yarnpkg.com/@babel/parser/-/parser-7.21.4.tgz#94003fdfc520bbe2875d4ae557b43ddb6d880f17"
  integrity sha512-alVJj7k7zIxqBZ7BTRhz0IqJFxW1VJbm6N8JbcYhQ186df9ZBPbZBmWSqAMXwHGsCJdYks7z/voa3ibiS5bCIw==

"@fortawesome/fontawesome-free@latest":
  version "6.4.0"
  resolved "https://registry.yarnpkg.com/@fortawesome/fontawesome-free/-/fontawesome-free-6.4.0.tgz#1ee0c174e472c84b23cb46c995154dc383e3b4fe"
  integrity sha512-0NyytTlPJwB/BF5LtRV8rrABDbe3TdTXqNB3PdZ+UUUZAEIrdOJdmABqKjt4AXwIoJNaRVVZEXxpNrqvE1GAYQ==

"@nuxt/opencollective@^0.3.2":
  version "0.3.3"
  resolved "https://registry.yarnpkg.com/@nuxt/opencollective/-/opencollective-0.3.3.tgz#80ff0eb8f6fca1d0ed5a089b9688f41bff2dd8ab"
  integrity sha512-6IKCd+gP0HliixqZT/p8nW3tucD6Sv/u/eR2A9X4rxT/6hXlMzA4GZQzq4d2qnBAwSwGpmKyzkyTjNjrhaA25A==
  dependencies:
    chalk "^4.1.0"
    consola "^2.15.0"
    node-fetch "^2.6.7"

"@popperjs/core@latest":
  version "2.11.7"
  resolved "https://registry.yarnpkg.com/@popperjs/core/-/core-2.11.7.tgz#ccab5c8f7dc557a52ca3288c10075c9ccd37fff7"
  integrity sha512-Cr4OjIkipTtcXKjAsm8agyleBuDHvxzeBoa1v543lbv1YaIwQjESsVcmjiWiPEbC1FIeHOG/Op9kdCmAmiS3Kw==

"@socket.io/component-emitter@~3.1.0":
  version "3.1.0"
  resolved "https://registry.yarnpkg.com/@socket.io/component-emitter/-/component-emitter-3.1.0.tgz#96116f2a912e0c02817345b3c10751069920d553"
  integrity sha512-+9jVqKhRSpsc591z5vX+X5Yyw+he/HCB4iQ/RYxw35CEPaY1gnsNE43nf9n9AaYjAQrTiI/mOwKUKdUs9vf7Xg==

"@vue/compiler-sfc@2.7.14":
  version "2.7.14"
  resolved "https://registry.yarnpkg.com/@vue/compiler-sfc/-/compiler-sfc-2.7.14.tgz#3446fd2fbb670d709277fc3ffa88efc5e10284fd"
  integrity sha512-aNmNHyLPsw+sVvlQFQ2/8sjNuLtK54TC6cuKnVzAY93ks4ZBrvwQSnkkIh7bsbNhum5hJBS00wSDipQ937f5DA==
  dependencies:
    "@babel/parser" "^7.18.4"
    postcss "^8.4.14"
    source-map "^0.6.1"

ansi-styles@^4.1.0:
  version "4.3.0"
  resolved "https://registry.yarnpkg.com/ansi-styles/-/ansi-styles-4.3.0.tgz#edd803628ae71c04c85ae7a0906edad34b648937"
  integrity sha512-zbB9rCJAT1rbjiVDb2hqKFHNYLxgtk8NURxZ3IZwD3F6NtxbXZQCnnSi1Lkx+IDohdPlFp222wVALIheZJQSEg==
  dependencies:
    color-convert "^2.0.1"

bootstrap-vue@latest:
  version "2.23.1"
  resolved "https://registry.yarnpkg.com/bootstrap-vue/-/bootstrap-vue-2.23.1.tgz#8f866f7cda27eb0e7e13a0bea8d55d8fc7a82199"
  integrity sha512-SEWkG4LzmMuWjQdSYmAQk1G/oOKm37dtNfjB5kxq0YafnL2W6qUAmeDTcIZVbPiQd2OQlIkWOMPBRGySk/zGsg==
  dependencies:
    "@nuxt/opencollective" "^0.3.2"
    bootstrap "^4.6.1"
    popper.js "^1.16.1"
    portal-vue "^2.1.7"
    vue-functional-data-merge "^3.1.0"

bootstrap@^4.6.1:
  version "4.6.2"
  resolved "https://registry.yarnpkg.com/bootstrap/-/bootstrap-4.6.2.tgz#8e0cd61611728a5bf65a3a2b8d6ff6c77d5d7479"
  integrity sha512-51Bbp/Uxr9aTuy6ca/8FbFloBUJZLHwnhTcnjIeRn2suQWsWzcuJhGjKDB5eppVte/8oCdOL3VuwxvZDUggwGQ==

chalk@^4.1.0:
  version "4.1.2"
  resolved "https://registry.yarnpkg.com/chalk/-/chalk-4.1.2.tgz#aac4e2b7734a740867aeb16bf02aad556a1e7a01"
  integrity sha512-oKnbhFyRIXpUuez8iBMmyEa4nbj4IOQyuhc/wy9kY7/WVPcwIO9VA668Pu8RkO7+0G76SLROeyw9CpQ061i4mA==
  dependencies:
    ansi-styles "^4.1.0"
    supports-color "^7.1.0"

clamp@^1.0.1:
  version "1.0.1"
  resolved "https://registry.yarnpkg.com/clamp/-/clamp-1.0.1.tgz#66a0e64011816e37196828fdc8c8c147312c8634"
  integrity sha512-kgMuFyE78OC6Dyu3Dy7vcx4uy97EIbVxJB/B0eJ3bUNAkwdNcxYzgKltnyADiYwsR7SEqkkUPsEUT//OVS6XMA==

color-convert@^2.0.1:
  version "2.0.1"
  resolved "https://registry.yarnpkg.com/color-convert/-/color-convert-2.0.1.tgz#72d3a68d598c9bdb3af2ad1e84f21d896abd4de3"
  integrity sha512-RRECPsj7iu/xb5oKYcsFHSppFNnsj/52OVTRKb4zP5onXwVF3zVmmToNcOfGC+CRDpfK/U584fMg38ZHCaElKQ==
  dependencies:
    color-name "~1.1.4"

color-name@~1.1.4:
  version "1.1.4"
  resolved "https://registry.yarnpkg.com/color-name/-/color-name-1.1.4.tgz#c2a09a87acbde69543de6f63fa3995c826c536a2"
  integrity sha512-dOy+3AuW3a2wNbZHIuMZpTcgjGuLU/uBL/ubcZF9OXbDo8ff4O8yVp5Bf0efS8uEoYo5q4Fx7dY9OgQGXgAsQA==

consola@^2.15.0:
  version "2.15.3"
  resolved "https://registry.yarnpkg.com/consola/-/consola-2.15.3.tgz#2e11f98d6a4be71ff72e0bdf07bd23e12cb61550"
  integrity sha512-9vAdYbHj6x2fLKC4+oPH0kFzY/orMZyG2Aj+kNylHxKGJ/Ed4dpNyAQYwJOdqO4zdM7XpVHmyejQDcQHrnuXbw==

csstype@^3.1.0:
  version "3.1.2"
  resolved "https://registry.yarnpkg.com/csstype/-/csstype-3.1.2.tgz#1d4bf9d572f11c14031f0436e1c10bc1f571f50b"
  integrity sha512-I7K1Uu0MBPzaFKg4nI5Q7Vs2t+3gWWW648spaF+Rg7pI9ds18Ugn+lvg4SHczUdKlHI5LWBXyqfS8+DufyBsgQ==

debug@~4.3.1, debug@~4.3.2:
  version "4.3.4"
  resolved "https://registry.yarnpkg.com/debug/-/debug-4.3.4.tgz#1319f6579357f2338d3337d2cdd4914bb5dcc865"
  integrity sha512-PRWFHuSU3eDtQJPvnNY7Jcket1j0t5OuOsFzPPzsekD52Zl8qUfFIPEiswXqIvHWGVHOgX+7G/vCNNhehwxfkQ==
  dependencies:
    ms "2.1.2"

engine.io-client@~6.4.0:
  version "6.4.0"
  resolved "https://registry.yarnpkg.com/engine.io-client/-/engine.io-client-6.4.0.tgz#88cd3082609ca86d7d3c12f0e746d12db4f47c91"
  integrity sha512-GyKPDyoEha+XZ7iEqam49vz6auPnNJ9ZBfy89f+rMMas8AuiMWOZ9PVzu8xb9ZC6rafUqiGHSCfu22ih66E+1g==
  dependencies:
    "@socket.io/component-emitter" "~3.1.0"
    debug "~4.3.1"
    engine.io-parser "~5.0.3"
    ws "~8.11.0"
    xmlhttprequest-ssl "~2.0.0"

engine.io-parser@~5.0.3:
  version "5.0.6"
  resolved "https://registry.yarnpkg.com/engine.io-parser/-/engine.io-parser-5.0.6.tgz#7811244af173e157295dec9b2718dfe42a64ef45"
  integrity sha512-tjuoZDMAdEhVnSFleYPCtdL2GXwVTGtNjoeJd9IhIG3C1xs9uwxqRNEu5WpnDZCaozwVlK/nuQhpodhXSIMaxw==

has-flag@^4.0.0:
  version "4.0.0"
  resolved "https://registry.yarnpkg.com/has-flag/-/has-flag-4.0.0.tgz#944771fd9c81c81265c4d6941860da06bb59479b"
  integrity sha512-EykJT/Q1KjTWctppgIAgfSO0tKVuZUjhgMr17kqTumMl6Afv3EISleU7qZUzoXDFTAHTDC4NOoG/ZxU3EvlMPQ==

jquery@^3.3.1:
  version "3.6.4"
  resolved "https://registry.yarnpkg.com/jquery/-/jquery-3.6.4.tgz#ba065c188142100be4833699852bf7c24dc0252f"
  integrity sha512-v28EW9DWDFpzcD9O5iyJXg3R3+q+mET5JhnjJzQUZMHOv67bpSIHq81GEYpPNZHG+XXHsfSme3nxp/hndKEcsQ==

lodash.throttle@^4.0.0:
  version "4.1.1"
  resolved "https://registry.yarnpkg.com/lodash.throttle/-/lodash.throttle-4.1.1.tgz#c23e91b710242ac70c37f1e1cda9274cc39bf2f4"
  integrity sha512-wIkUCfVKpVsWo3JSZlc+8MB5it+2AN5W8J7YVMST30UrvcQNZ1Okbj+rbVniijTWE6FGYy4XJq/rHkas8qJMLQ==

material-colors@^1.0.0:
  version "1.2.6"
  resolved "https://registry.yarnpkg.com/material-colors/-/material-colors-1.2.6.tgz#6d1958871126992ceecc72f4bcc4d8f010865f46"
  integrity sha512-6qE4B9deFBIa9YSpOc9O0Sgc43zTeVYbgDT5veRKSlB2+ZuHNoVVxA1L/ckMUayV9Ay9y7Z/SZCLcGteW9i7bg==

ms@2.1.2:
  version "2.1.2"
  resolved "https://registry.yarnpkg.com/ms/-/ms-2.1.2.tgz#d09d1f357b443f493382a8eb3ccd183872ae6009"
  integrity sha512-sGkPx+VjMtmA6MX27oA4FBFELFCZZ4S4XqeGOXCv68tT+jb3vk/RyaKWP0PTKyWtmLSM0b+adUTEvbs1PEaH2w==

nanoid@^3.3.6:
  version "3.3.6"
  resolved "https://registry.yarnpkg.com/nanoid/-/nanoid-3.3.6.tgz#443380c856d6e9f9824267d960b4236ad583ea4c"
  integrity sha512-BGcqMMJuToF7i1rt+2PWSNVnWIkGCU78jBG3RxO/bZlnZPK2Cmi2QaffxGO/2RvWi9sL+FAiRiXMgsyxQ1DIDA==

node-fetch@^2.6.7:
  version "2.6.9"
  resolved "https://registry.yarnpkg.com/node-fetch/-/node-fetch-2.6.9.tgz#7c7f744b5cc6eb5fd404e0c7a9fec630a55657e6"
  integrity sha512-DJm/CJkZkRjKKj4Zi4BsKVZh3ValV5IR5s7LVZnW+6YMh0W1BfNA8XSs6DLMGYlId5F3KnA70uu2qepcR08Qqg==
  dependencies:
    whatwg-url "^5.0.0"

picocolors@^1.0.0:
  version "1.0.0"
  resolved "https://registry.yarnpkg.com/picocolors/-/picocolors-1.0.0.tgz#cb5bdc74ff3f51892236eaf79d68bc44564ab81c"
  integrity sha512-1fygroTLlHu66zi26VoTDv8yRgm0Fccecssto+MhsZ0D/DGW2sm8E8AjW7NU5VVTRt5GxbeZ5qBuJr+HyLYkjQ==

popper.js@^1.16.1:
  version "1.16.1"
  resolved "https://registry.yarnpkg.com/popper.js/-/popper.js-1.16.1.tgz#2a223cb3dc7b6213d740e40372be40de43e65b1b"
  integrity sha512-Wb4p1J4zyFTbM+u6WuO4XstYx4Ky9Cewe4DWrel7B0w6VVICvPwdOpotjzcf6eD8TsckVnIMNONQyPIUFOUbCQ==

portal-vue@^2.1.7:
  version "2.1.7"
  resolved "https://registry.yarnpkg.com/portal-vue/-/portal-vue-2.1.7.tgz#ea08069b25b640ca08a5b86f67c612f15f4e4ad4"
  integrity sha512-+yCno2oB3xA7irTt0EU5Ezw22L2J51uKAacE/6hMPMoO/mx3h4rXFkkBkT4GFsMDv/vEe8TNKC3ujJJ0PTwb6g==

postcss@^8.4.14:
  version "8.4.23"
  resolved "https://registry.yarnpkg.com/postcss/-/postcss-8.4.23.tgz#df0aee9ac7c5e53e1075c24a3613496f9e6552ab"
  integrity sha512-bQ3qMcpF6A/YjR55xtoTr0jGOlnPOKAIMdOWiv0EIT6HVPEaJiJB4NLljSbiHoC2RX7DN5Uvjtpbg1NPdwv1oA==
  dependencies:
    nanoid "^3.3.6"
    picocolors "^1.0.0"
    source-map-js "^1.0.2"

socket.io-client@^4.5.0:
  version "4.6.1"
  resolved "https://registry.yarnpkg.com/socket.io-client/-/socket.io-client-4.6.1.tgz#80d97d5eb0feca448a0fb6d69a7b222d3d547eab"
  integrity sha512-5UswCV6hpaRsNg5kkEHVcbBIXEYoVbMQaHJBXJCyEQ+CiFPV1NIOY0XOFWG4XR4GZcB8Kn6AsRs/9cy9TbqVMQ==
  dependencies:
    "@socket.io/component-emitter" "~3.1.0"
    debug "~4.3.2"
    engine.io-client "~6.4.0"
    socket.io-parser "~4.2.1"

socket.io-parser@~4.2.1:
  version "4.2.2"
  resolved "https://registry.yarnpkg.com/socket.io-parser/-/socket.io-parser-4.2.2.tgz#1dd384019e25b7a3d374877f492ab34f2ad0d206"
  integrity sha512-DJtziuKypFkMMHCm2uIshOYC7QaylbtzQwiMYDuCKy3OPkjLzu4B2vAhTlqipRHHzrI0NJeBAizTK7X+6m1jVw==
  dependencies:
    "@socket.io/component-emitter" "~3.1.0"
    debug "~4.3.1"

source-map-js@^1.0.2:
  version "1.0.2"
  resolved "https://registry.yarnpkg.com/source-map-js/-/source-map-js-1.0.2.tgz#adbc361d9c62df380125e7f161f71c826f1e490c"
  integrity sha512-R0XvVJ9WusLiqTCEiGCmICCMplcCkIwwR11mOSD9CR5u+IXYdiseeEuXCVAjS54zqwkLcPNnmU4OeJ6tUrWhDw==

source-map@^0.6.1:
  version "0.6.1"
  resolved "https://registry.yarnpkg.com/source-map/-/source-map-0.6.1.tgz#74722af32e9614e9c287a8d0bbde48b5e2f1a263"
  integrity sha512-UjgapumWlbMhkBgzT7Ykc5YXUT46F0iKu8SGXq0bcwP5dz/h0Plj6enJqjz1Zbq2l5WaqYnrVbwWOWMyF3F47g==

supports-color@^7.1.0:
  version "7.2.0"
  resolved "https://registry.yarnpkg.com/supports-color/-/supports-color-7.2.0.tgz#1b7dcdcb32b8138801b3e478ba6a51caa89648da"
  integrity sha512-qpCAvRl9stuOHveKsn7HncJRvv501qIacKzQlO/+Lwxc9+0q2wLyv4Dfvt80/DPn2pqOBsJdDiogXGR9+OvwRw==
  dependencies:
    has-flag "^4.0.0"

tinycolor2@^1.1.2:
  version "1.6.0"
  resolved "https://registry.yarnpkg.com/tinycolor2/-/tinycolor2-1.6.0.tgz#f98007460169b0263b97072c5ae92484ce02d09e"
  integrity sha512-XPaBkWQJdsf3pLKJV9p4qN/S+fm2Oj8AIPo1BTUhg5oxkvm9+SVEGFdhyOz7tTdUTfvxMiAs4sp6/eZO2Ew+pw==

tr46@~0.0.3:
  version "0.0.3"
  resolved "https://registry.yarnpkg.com/tr46/-/tr46-0.0.3.tgz#8184fd347dac9cdc185992f3a6622e14b9d9ab6a"
  integrity sha512-N3WMsuqV66lT30CrXNbEjx4GEwlow3v6rr4mCcv6prnfwhS01rkgyFdjPNBYd9br7LpXV1+Emh01fHnq2Gdgrw==

tween.js@^16.6.0:
  version "16.6.0"
  resolved "https://registry.yarnpkg.com/tween.js/-/tween.js-16.6.0.tgz#739104c9336cc4f11ee53f9ce7cede51e6723624"
  integrity sha512-IIhm0VsiBxNJO+WsXUvjcq+u3sKfOwSu67Yh9T5xSpXb2eHHi9+uZDDGBc7uMXjfud0bYiLkYCEb7JXIGXi5KA==

vue-color@latest:
  version "2.8.1"
  resolved "https://registry.yarnpkg.com/vue-color/-/vue-color-2.8.1.tgz#a090f3dcf8ed6f07afdb865cac84b19a73302e70"
  integrity sha512-BoLCEHisXi2QgwlhZBg9UepvzZZmi4176vbr+31Shen5WWZwSLVgdScEPcB+yrAtuHAz42309C0A4+WiL9lNBw==
  dependencies:
    clamp "^1.0.1"
    lodash.throttle "^4.0.0"
    material-colors "^1.0.0"
    tinycolor2 "^1.1.2"

vue-functional-data-merge@^3.1.0:
  version "3.1.0"
  resolved "https://registry.yarnpkg.com/vue-functional-data-merge/-/vue-functional-data-merge-3.1.0.tgz#08a7797583b7f35680587f8a1d51d729aa1dc657"
  integrity sha512-leT4kdJVQyeZNY1kmnS1xiUlQ9z1B/kdBFCILIjYYQDqZgLqCLa0UhjSSeRX6c3mUe6U5qYeM8LrEqkHJ1B4LA==

vue@^2.5.16:
  version "2.7.14"
  resolved "https://registry.yarnpkg.com/vue/-/vue-2.7.14.tgz#3743dcd248fd3a34d421ae456b864a0246bafb17"
  integrity sha512-b2qkFyOM0kwqWFuQmgd4o+uHGU7T+2z3T+WQp8UBjADfEv2n4FEMffzBmCKNP0IGzOEEfYjvtcC62xaSKeQDrQ==
  dependencies:
    "@vue/compiler-sfc" "2.7.14"
    csstype "^3.1.0"

webidl-conversions@^3.0.0:
  version "3.0.1"
  resolved "https://registry.yarnpkg.com/webidl-conversions/-/webidl-conversions-3.0.1.tgz#24534275e2a7bc6be7bc86611cc16ae0a5654871"
  integrity sha512-2JAn3z8AR6rjK8Sm8orRC0h/bcl/DqL7tRPdGZ4I1CjdF+EaMLmYxBHyXuKL849eucPFhvBoxMsflfOb8kxaeQ==

whatwg-url@^5.0.0:
  version "5.0.0"
  resolved "https://registry.yarnpkg.com/whatwg-url/-/whatwg-url-5.0.0.tgz#966454e8765462e37644d3626f6742ce8b70965d"
  integrity sha512-saE57nupxk6v3HY35+jzBwYa0rKSy0XR8JSxZPwgLr7ys0IBzhGviA1/TUGJLmSVqs8pb9AnvICXEuOHLprYTw==
  dependencies:
    tr46 "~0.0.3"
    webidl-conversions "^3.0.0"

ws@~8.11.0:
  version "8.11.0"
  resolved "https://registry.yarnpkg.com/ws/-/ws-8.11.0.tgz#6a0d36b8edfd9f96d8b25683db2f8d7de6e8e143"
  integrity sha512-HPG3wQd9sNQoT9xHyNCXoDUa+Xw/VevmY9FoHyQ+g+rrMn4j6FB4np7Z0OhdTgjx6MgQLK7jwSy1YecU1+4Asg==

xmlhttprequest-ssl@~2.0.0:
  version "2.0.0"
  resolved "https://registry.yarnpkg.com/xmlhttprequest-ssl/-/xmlhttprequest-ssl-2.0.0.tgz#91360c86b914e67f44dce769180027c0da618c67"
  integrity sha512-QKxVRxiRACQcVuQEYFsI1hhkrMlrXHPegbbd1yn9UHOmRxY+si12nQYzri3vbzt8VdTTRviqcKxcyllFas5z2A==
